// !$*UTF8*$!
{
	archiveVersion = 1;
	classes = {
	};
	objectVersion = 56;
	objects = {

/* Begin PBXBuildFile section */
		E82279972CC433F800874029 /* HeroModel.swift in Sources */ = {isa = PBXBuildFile; fileRef = E82279962CC433F800874029 /* HeroModel.swift */; };
		E822799B2CC564FF00874029 /* TrianglePathView.swift in Sources */ = {isa = PBXBuildFile; fileRef = E822799A2CC564FF00874029 /* TrianglePathView.swift */; };
		E822799F2CC59A7500874029 /* HeroCell.swift in Sources */ = {isa = PBXBuildFile; fileRef = E822799E2CC59A7500874029 /* HeroCell.swift */; };
		E8A62A192CD0163E0081A03E /* CollectionViewPagingLayout in Frameworks */ = {isa = PBXBuildFile; productRef = E8A62A182CD0163E0081A03E /* CollectionViewPagingLayout */; };
		E8A888542CDE8F640095BC18 /* DetailedViewController.swift in Sources */ = {isa = PBXBuildFile; fileRef = E8A888532CDE8F640095BC18 /* DetailedViewController.swift */; };
		E8B76FFA2CC2B9B700B62000 /* AppDelegate.swift in Sources */ = {isa = PBXBuildFile; fileRef = E8B76FF92CC2B9B700B62000 /* AppDelegate.swift */; };
		E8B76FFC2CC2B9B700B62000 /* SceneDelegate.swift in Sources */ = {isa = PBXBuildFile; fileRef = E8B76FFB2CC2B9B700B62000 /* SceneDelegate.swift */; };
		E8B76FFE2CC2B9B700B62000 /* ViewController.swift in Sources */ = {isa = PBXBuildFile; fileRef = E8B76FFD2CC2B9B700B62000 /* ViewController.swift */; };
		E8B770032CC2B9B900B62000 /* Assets.xcassets in Resources */ = {isa = PBXBuildFile; fileRef = E8B770022CC2B9B900B62000 /* Assets.xcassets */; };
		E8B770062CC2B9B900B62000 /* Base in Resources */ = {isa = PBXBuildFile; fileRef = E8B770052CC2B9B900B62000 /* Base */; };
		E8DD581A2CC79D7B00C47A36 /* Constants.swift in Sources */ = {isa = PBXBuildFile; fileRef = E8DD58192CC79D7B00C47A36 /* Constants.swift */; };
		E8DD581E2CC79DD400C47A36 /* Extensions.swift in Sources */ = {isa = PBXBuildFile; fileRef = E8DD581D2CC79DD400C47A36 /* Extensions.swift */; };
/* End PBXBuildFile section */

/* Begin PBXFileReference section */
		E82279962CC433F800874029 /* HeroModel.swift */ = {isa = PBXFileReference; lastKnownFileType = sourcecode.swift; path = HeroModel.swift; sourceTree = "<group>"; };
		E822799A2CC564FF00874029 /* TrianglePathView.swift */ = {isa = PBXFileReference; lastKnownFileType = sourcecode.swift; path = TrianglePathView.swift; sourceTree = "<group>"; };
		E822799E2CC59A7500874029 /* HeroCell.swift */ = {isa = PBXFileReference; lastKnownFileType = sourcecode.swift; path = HeroCell.swift; sourceTree = "<group>"; };
		E8A888532CDE8F640095BC18 /* DetailedViewController.swift */ = {isa = PBXFileReference; lastKnownFileType = sourcecode.swift; path = DetailedViewController.swift; sourceTree = "<group>"; };
		E8B76FF62CC2B9B700B62000 /* Marvel.app */ = {isa = PBXFileReference; explicitFileType = wrapper.application; includeInIndex = 0; path = Marvel.app; sourceTree = BUILT_PRODUCTS_DIR; };
		E8B76FF92CC2B9B700B62000 /* AppDelegate.swift */ = {isa = PBXFileReference; lastKnownFileType = sourcecode.swift; path = AppDelegate.swift; sourceTree = "<group>"; };
		E8B76FFB2CC2B9B700B62000 /* SceneDelegate.swift */ = {isa = PBXFileReference; lastKnownFileType = sourcecode.swift; path = SceneDelegate.swift; sourceTree = "<group>"; };
		E8B76FFD2CC2B9B700B62000 /* ViewController.swift */ = {isa = PBXFileReference; lastKnownFileType = sourcecode.swift; path = ViewController.swift; sourceTree = "<group>"; };
		E8B770022CC2B9B900B62000 /* Assets.xcassets */ = {isa = PBXFileReference; lastKnownFileType = folder.assetcatalog; path = Assets.xcassets; sourceTree = "<group>"; };
		E8B770052CC2B9B900B62000 /* Base */ = {isa = PBXFileReference; lastKnownFileType = file.storyboard; name = Base; path = Base.lproj/LaunchScreen.storyboard; sourceTree = "<group>"; };
		E8B770072CC2B9B900B62000 /* Info.plist */ = {isa = PBXFileReference; lastKnownFileType = text.plist.xml; path = Info.plist; sourceTree = "<group>"; };
		E8DD58192CC79D7B00C47A36 /* Constants.swift */ = {isa = PBXFileReference; lastKnownFileType = sourcecode.swift; path = Constants.swift; sourceTree = "<group>"; };
		E8DD581D2CC79DD400C47A36 /* Extensions.swift */ = {isa = PBXFileReference; lastKnownFileType = sourcecode.swift; path = Extensions.swift; sourceTree = "<group>"; };
/* End PBXFileReference section */

/* Begin PBXFrameworksBuildPhase section */
		E8B76FF32CC2B9B700B62000 /* Frameworks */ = {
			isa = PBXFrameworksBuildPhase;
			buildActionMask = 2147483647;
			files = (
				E8A62A192CD0163E0081A03E /* CollectionViewPagingLayout in Frameworks */,
			);
			runOnlyForDeploymentPostprocessing = 0;
		};
/* End PBXFrameworksBuildPhase section */

/* Begin PBXGroup section */
		E8B76FED2CC2B9B700B62000 = {
			isa = PBXGroup;
			children = (
				E8B76FF82CC2B9B700B62000 /* Marvel */,
				E8B76FF72CC2B9B700B62000 /* Products */,
			);
			sourceTree = "<group>";
		};
		E8B76FF72CC2B9B700B62000 /* Products */ = {
			isa = PBXGroup;
			children = (
				E8B76FF62CC2B9B700B62000 /* Marvel.app */,
			);
			name = Products;
			sourceTree = "<group>";
		};
		E8B76FF82CC2B9B700B62000 /* Marvel */ = {
			isa = PBXGroup;
			children = (
				E8B76FF92CC2B9B700B62000 /* AppDelegate.swift */,
				E8B76FFB2CC2B9B700B62000 /* SceneDelegate.swift */,
				E8DD58202CC7A1F200C47A36 /* ViewControllers */,
				E8DD58212CC7A21100C47A36 /* Views */,
				E8DD581B2CC79DA500C47A36 /* Model */,
				E8DD581C2CC79DC000C47A36 /* Helpers */,
				E8B770022CC2B9B900B62000 /* Assets.xcassets */,
				E8B770042CC2B9B900B62000 /* LaunchScreen.storyboard */,
				E8B770072CC2B9B900B62000 /* Info.plist */,
			);
			path = Marvel;
			sourceTree = "<group>";
		};
		E8DD581B2CC79DA500C47A36 /* Model */ = {
			isa = PBXGroup;
			children = (
				E82279962CC433F800874029 /* HeroModel.swift */,
			);
			path = Model;
			sourceTree = "<group>";
		};
		E8DD581C2CC79DC000C47A36 /* Helpers */ = {
			isa = PBXGroup;
			children = (
				E8DD58192CC79D7B00C47A36 /* Constants.swift */,
				E8DD581F2CC79DDE00C47A36 /* Extensions */,
			);
			path = Helpers;
			sourceTree = "<group>";
		};
		E8DD581F2CC79DDE00C47A36 /* Extensions */ = {
			isa = PBXGroup;
			children = (
				E8DD581D2CC79DD400C47A36 /* Extensions.swift */,
			);
			path = Extensions;
			sourceTree = "<group>";
		};
		E8DD58202CC7A1F200C47A36 /* ViewControllers */ = {
			isa = PBXGroup;
			children = (
				E8B76FFD2CC2B9B700B62000 /* ViewController.swift */,
				E8A888532CDE8F640095BC18 /* DetailedViewController.swift */,
			);
			path = ViewControllers;
			sourceTree = "<group>";
		};
		E8DD58212CC7A21100C47A36 /* Views */ = {
			isa = PBXGroup;
			children = (
				E822799E2CC59A7500874029 /* HeroCell.swift */,
				E822799A2CC564FF00874029 /* TrianglePathView.swift */,
			);
			path = Views;
			sourceTree = "<group>";
		};
/* End PBXGroup section */

/* Begin PBXNativeTarget section */
		E8B76FF52CC2B9B700B62000 /* Marvel */ = {
			isa = PBXNativeTarget;
			buildConfigurationList = E8B7700A2CC2B9B900B62000 /* Build configuration list for PBXNativeTarget "Marvel" */;
			buildPhases = (
				E8B76FF22CC2B9B700B62000 /* Sources */,
				E8B76FF32CC2B9B700B62000 /* Frameworks */,
				E8B76FF42CC2B9B700B62000 /* Resources */,
			);
			buildRules = (
			);
			dependencies = (
				E8A888522CDCA7260095BC18 /* PBXTargetDependency */,
			);
			name = Marvel;
			packageProductDependencies = (
				E8A62A182CD0163E0081A03E /* CollectionViewPagingLayout */,
			);
			productName = Marvel;
			productReference = E8B76FF62CC2B9B700B62000 /* Marvel.app */;
			productType = "com.apple.product-type.application";
		};
/* End PBXNativeTarget section */

/* Begin PBXProject section */
		E8B76FEE2CC2B9B700B62000 /* Project object */ = {
			isa = PBXProject;
			attributes = {
				BuildIndependentTargetsInParallel = 1;
				LastSwiftUpdateCheck = 1540;
				LastUpgradeCheck = 1540;
				TargetAttributes = {
					E8B76FF52CC2B9B700B62000 = {
						CreatedOnToolsVersion = 15.4;
					};
				};
			};
			buildConfigurationList = E8B76FF12CC2B9B700B62000 /* Build configuration list for PBXProject "Marvel" */;
			compatibilityVersion = "Xcode 14.0";
			developmentRegion = en;
			hasScannedForEncodings = 0;
			knownRegions = (
				en,
				Base,
			);
			mainGroup = E8B76FED2CC2B9B700B62000;
			packageReferences = (
				E8A62A172CD0163E0081A03E /* XCRemoteSwiftPackageReference "CollectionViewPagingLayout" */,
				E8A888502CDCA50E0095BC18 /* XCRemoteSwiftPackageReference "SwiftLintPlugins" */,
			);
			productRefGroup = E8B76FF72CC2B9B700B62000 /* Products */;
			projectDirPath = "";
			projectRoot = "";
			targets = (
				E8B76FF52CC2B9B700B62000 /* Marvel */,
			);
		};
/* End PBXProject section */

/* Begin PBXResourcesBuildPhase section */
		E8B76FF42CC2B9B700B62000 /* Resources */ = {
			isa = PBXResourcesBuildPhase;
			buildActionMask = 2147483647;
			files = (
				E8B770032CC2B9B900B62000 /* Assets.xcassets in Resources */,
				E8B770062CC2B9B900B62000 /* Base in Resources */,
			);
			runOnlyForDeploymentPostprocessing = 0;
		};
/* End PBXResourcesBuildPhase section */

/* Begin PBXSourcesBuildPhase section */
		E8B76FF22CC2B9B700B62000 /* Sources */ = {
			isa = PBXSourcesBuildPhase;
			buildActionMask = 2147483647;
			files = (
				E8DD581E2CC79DD400C47A36 /* Extensions.swift in Sources */,
				E822799B2CC564FF00874029 /* TrianglePathView.swift in Sources */,
				E8B76FFE2CC2B9B700B62000 /* ViewController.swift in Sources */,
				E82279972CC433F800874029 /* HeroModel.swift in Sources */,
				E8B76FFA2CC2B9B700B62000 /* AppDelegate.swift in Sources */,
				E8A888542CDE8F640095BC18 /* DetailedViewController.swift in Sources */,
				E822799F2CC59A7500874029 /* HeroCell.swift in Sources */,
				E8B76FFC2CC2B9B700B62000 /* SceneDelegate.swift in Sources */,
				E8DD581A2CC79D7B00C47A36 /* Constants.swift in Sources */,
			);
			runOnlyForDeploymentPostprocessing = 0;
		};
/* End PBXSourcesBuildPhase section */

/* Begin PBXTargetDependency section */
		E8A888522CDCA7260095BC18 /* PBXTargetDependency */ = {
			isa = PBXTargetDependency;
			productRef = E8A888512CDCA7260095BC18 /* SwiftLintBuildToolPlugin */;
		};
/* End PBXTargetDependency section */

/* Begin PBXVariantGroup section */
		E8B770042CC2B9B900B62000 /* LaunchScreen.storyboard */ = {
			isa = PBXVariantGroup;
			children = (
				E8B770052CC2B9B900B62000 /* Base */,
			);
			name = LaunchScreen.storyboard;
			sourceTree = "<group>";
		};
/* End PBXVariantGroup section */

/* Begin XCBuildConfiguration section */
		E8B770082CC2B9B900B62000 /* Debug */ = {
			isa = XCBuildConfiguration;
			buildSettings = {
				ALWAYS_SEARCH_USER_PATHS = NO;
				ASSETCATALOG_COMPILER_GENERATE_SWIFT_ASSET_SYMBOL_EXTENSIONS = YES;
				CLANG_ANALYZER_NONNULL = YES;
				CLANG_ANALYZER_NUMBER_OBJECT_CONVERSION = YES_AGGRESSIVE;
				CLANG_CXX_LANGUAGE_STANDARD = "gnu++20";
				CLANG_ENABLE_MODULES = YES;
				CLANG_ENABLE_OBJC_ARC = YES;
				CLANG_ENABLE_OBJC_WEAK = YES;
				CLANG_WARN_BLOCK_CAPTURE_AUTORELEASING = YES;
				CLANG_WARN_BOOL_CONVERSION = YES;
				CLANG_WARN_COMMA = YES;
				CLANG_WARN_CONSTANT_CONVERSION = YES;
				CLANG_WARN_DEPRECATED_OBJC_IMPLEMENTATIONS = YES;
				CLANG_WARN_DIRECT_OBJC_ISA_USAGE = YES_ERROR;
				CLANG_WARN_DOCUMENTATION_COMMENTS = YES;
				CLANG_WARN_EMPTY_BODY = YES;
				CLANG_WARN_ENUM_CONVERSION = YES;
				CLANG_WARN_INFINITE_RECURSION = YES;
				CLANG_WARN_INT_CONVERSION = YES;
				CLANG_WARN_NON_LITERAL_NULL_CONVERSION = YES;
				CLANG_WARN_OBJC_IMPLICIT_RETAIN_SELF = YES;
				CLANG_WARN_OBJC_LITERAL_CONVERSION = YES;
				CLANG_WARN_OBJC_ROOT_CLASS = YES_ERROR;
				CLANG_WARN_QUOTED_INCLUDE_IN_FRAMEWORK_HEADER = YES;
				CLANG_WARN_RANGE_LOOP_ANALYSIS = YES;
				CLANG_WARN_STRICT_PROTOTYPES = YES;
				CLANG_WARN_SUSPICIOUS_MOVE = YES;
				CLANG_WARN_UNGUARDED_AVAILABILITY = YES_AGGRESSIVE;
				CLANG_WARN_UNREACHABLE_CODE = YES;
				CLANG_WARN__DUPLICATE_METHOD_MATCH = YES;
				COPY_PHASE_STRIP = NO;
				DEBUG_INFORMATION_FORMAT = dwarf;
				ENABLE_STRICT_OBJC_MSGSEND = YES;
				ENABLE_TESTABILITY = YES;
				ENABLE_USER_SCRIPT_SANDBOXING = YES;
				GCC_C_LANGUAGE_STANDARD = gnu17;
				GCC_DYNAMIC_NO_PIC = NO;
				GCC_NO_COMMON_BLOCKS = YES;
				GCC_OPTIMIZATION_LEVEL = 0;
				GCC_PREPROCESSOR_DEFINITIONS = (
					"DEBUG=1",
					"$(inherited)",
				);
				GCC_WARN_64_TO_32_BIT_CONVERSION = YES;
				GCC_WARN_ABOUT_RETURN_TYPE = YES_ERROR;
				GCC_WARN_UNDECLARED_SELECTOR = YES;
				GCC_WARN_UNINITIALIZED_AUTOS = YES_AGGRESSIVE;
				GCC_WARN_UNUSED_FUNCTION = YES;
				GCC_WARN_UNUSED_VARIABLE = YES;
				IPHONEOS_DEPLOYMENT_TARGET = 17.5;
				LOCALIZATION_PREFERS_STRING_CATALOGS = YES;
				MTL_ENABLE_DEBUG_INFO = INCLUDE_SOURCE;
				MTL_FAST_MATH = YES;
				ONLY_ACTIVE_ARCH = YES;
				SDKROOT = iphoneos;
				SWIFT_ACTIVE_COMPILATION_CONDITIONS = "DEBUG $(inherited)";
				SWIFT_OPTIMIZATION_LEVEL = "-Onone";
			};
			name = Debug;
		};
		E8B770092CC2B9B900B62000 /* Release */ = {
			isa = XCBuildConfiguration;
			buildSettings = {
				ALWAYS_SEARCH_USER_PATHS = NO;
				ASSETCATALOG_COMPILER_GENERATE_SWIFT_ASSET_SYMBOL_EXTENSIONS = YES;
				CLANG_ANALYZER_NONNULL = YES;
				CLANG_ANALYZER_NUMBER_OBJECT_CONVERSION = YES_AGGRESSIVE;
				CLANG_CXX_LANGUAGE_STANDARD = "gnu++20";
				CLANG_ENABLE_MODULES = YES;
				CLANG_ENABLE_OBJC_ARC = YES;
				CLANG_ENABLE_OBJC_WEAK = YES;
				CLANG_WARN_BLOCK_CAPTURE_AUTORELEASING = YES;
				CLANG_WARN_BOOL_CONVERSION = YES;
				CLANG_WARN_COMMA = YES;
				CLANG_WARN_CONSTANT_CONVERSION = YES;
				CLANG_WARN_DEPRECATED_OBJC_IMPLEMENTATIONS = YES;
				CLANG_WARN_DIRECT_OBJC_ISA_USAGE = YES_ERROR;
				CLANG_WARN_DOCUMENTATION_COMMENTS = YES;
				CLANG_WARN_EMPTY_BODY = YES;
				CLANG_WARN_ENUM_CONVERSION = YES;
				CLANG_WARN_INFINITE_RECURSION = YES;
				CLANG_WARN_INT_CONVERSION = YES;
				CLANG_WARN_NON_LITERAL_NULL_CONVERSION = YES;
				CLANG_WARN_OBJC_IMPLICIT_RETAIN_SELF = YES;
				CLANG_WARN_OBJC_LITERAL_CONVERSION = YES;
				CLANG_WARN_OBJC_ROOT_CLASS = YES_ERROR;
				CLANG_WARN_QUOTED_INCLUDE_IN_FRAMEWORK_HEADER = YES;
				CLANG_WARN_RANGE_LOOP_ANALYSIS = YES;
				CLANG_WARN_STRICT_PROTOTYPES = YES;
				CLANG_WARN_SUSPICIOUS_MOVE = YES;
				CLANG_WARN_UNGUARDED_AVAILABILITY = YES_AGGRESSIVE;
				CLANG_WARN_UNREACHABLE_CODE = YES;
				CLANG_WARN__DUPLICATE_METHOD_MATCH = YES;
				COPY_PHASE_STRIP = NO;
				DEBUG_INFORMATION_FORMAT = "dwarf-with-dsym";
				ENABLE_NS_ASSERTIONS = NO;
				ENABLE_STRICT_OBJC_MSGSEND = YES;
				ENABLE_USER_SCRIPT_SANDBOXING = YES;
				GCC_C_LANGUAGE_STANDARD = gnu17;
				GCC_NO_COMMON_BLOCKS = YES;
				GCC_WARN_64_TO_32_BIT_CONVERSION = YES;
				GCC_WARN_ABOUT_RETURN_TYPE = YES_ERROR;
				GCC_WARN_UNDECLARED_SELECTOR = YES;
				GCC_WARN_UNINITIALIZED_AUTOS = YES_AGGRESSIVE;
				GCC_WARN_UNUSED_FUNCTION = YES;
				GCC_WARN_UNUSED_VARIABLE = YES;
				IPHONEOS_DEPLOYMENT_TARGET = 17.5;
				LOCALIZATION_PREFERS_STRING_CATALOGS = YES;
				MTL_ENABLE_DEBUG_INFO = NO;
				MTL_FAST_MATH = YES;
				SDKROOT = iphoneos;
				SWIFT_COMPILATION_MODE = wholemodule;
				VALIDATE_PRODUCT = YES;
			};
			name = Release;
		};
		E8B7700B2CC2B9B900B62000 /* Debug */ = {
			isa = XCBuildConfiguration;
			buildSettings = {
				ASSETCATALOG_COMPILER_APPICON_NAME = AppIcon;
				ASSETCATALOG_COMPILER_GLOBAL_ACCENT_COLOR_NAME = AccentColor;
				CODE_SIGN_STYLE = Automatic;
				CURRENT_PROJECT_VERSION = 1;
				DEVELOPMENT_TEAM = 36N72Y7M5U;
				GENERATE_INFOPLIST_FILE = YES;
				INFOPLIST_FILE = Marvel/Info.plist;
				INFOPLIST_KEY_UIApplicationSupportsIndirectInputEvents = YES;
				INFOPLIST_KEY_UILaunchStoryboardName = LaunchScreen;
				INFOPLIST_KEY_UISupportedInterfaceOrientations_iPad = "UIInterfaceOrientationPortrait UIInterfaceOrientationPortraitUpsideDown UIInterfaceOrientationLandscapeLeft UIInterfaceOrientationLandscapeRight";
				INFOPLIST_KEY_UISupportedInterfaceOrientations_iPhone = "UIInterfaceOrientationPortrait UIInterfaceOrientationLandscapeLeft UIInterfaceOrientationLandscapeRight";
				LD_RUNPATH_SEARCH_PATHS = (
					"$(inherited)",
					"@executable_path/Frameworks",
				);
				MARKETING_VERSION = 1.0;
				PRODUCT_BUNDLE_IDENTIFIER = testplay.Marvel;
				PRODUCT_NAME = "$(TARGET_NAME)";
				SWIFT_EMIT_LOC_STRINGS = YES;
				SWIFT_VERSION = 5.0;
				TARGETED_DEVICE_FAMILY = "1,2";
			};
			name = Debug;
		};
		E8B7700C2CC2B9B900B62000 /* Release */ = {
			isa = XCBuildConfiguration;
			buildSettings = {
				ASSETCATALOG_COMPILER_APPICON_NAME = AppIcon;
				ASSETCATALOG_COMPILER_GLOBAL_ACCENT_COLOR_NAME = AccentColor;
				CODE_SIGN_STYLE = Automatic;
				CURRENT_PROJECT_VERSION = 1;
				DEVELOPMENT_TEAM = 36N72Y7M5U;
				GENERATE_INFOPLIST_FILE = YES;
				INFOPLIST_FILE = Marvel/Info.plist;
				INFOPLIST_KEY_UIApplicationSupportsIndirectInputEvents = YES;
				INFOPLIST_KEY_UILaunchStoryboardName = LaunchScreen;
				INFOPLIST_KEY_UISupportedInterfaceOrientations_iPad = "UIInterfaceOrientationPortrait UIInterfaceOrientationPortraitUpsideDown UIInterfaceOrientationLandscapeLeft UIInterfaceOrientationLandscapeRight";
				INFOPLIST_KEY_UISupportedInterfaceOrientations_iPhone = "UIInterfaceOrientationPortrait UIInterfaceOrientationLandscapeLeft UIInterfaceOrientationLandscapeRight";
				LD_RUNPATH_SEARCH_PATHS = (
					"$(inherited)",
					"@executable_path/Frameworks",
				);
				MARKETING_VERSION = 1.0;
				PRODUCT_BUNDLE_IDENTIFIER = testplay.Marvel;
				PRODUCT_NAME = "$(TARGET_NAME)";
				SWIFT_EMIT_LOC_STRINGS = YES;
				SWIFT_VERSION = 5.0;
				TARGETED_DEVICE_FAMILY = "1,2";
			};
			name = Release;
		};
/* End XCBuildConfiguration section */

/* Begin XCConfigurationList section */
		E8B76FF12CC2B9B700B62000 /* Build configuration list for PBXProject "Marvel" */ = {
			isa = XCConfigurationList;
			buildConfigurations = (
				E8B770082CC2B9B900B62000 /* Debug */,
				E8B770092CC2B9B900B62000 /* Release */,
			);
			defaultConfigurationIsVisible = 0;
			defaultConfigurationName = Release;
		};
		E8B7700A2CC2B9B900B62000 /* Build configuration list for PBXNativeTarget "Marvel" */ = {
			isa = XCConfigurationList;
			buildConfigurations = (
				E8B7700B2CC2B9B900B62000 /* Debug */,
				E8B7700C2CC2B9B900B62000 /* Release */,
			);
			defaultConfigurationIsVisible = 0;
			defaultConfigurationName = Release;
		};
/* End XCConfigurationList section */

/* Begin XCRemoteSwiftPackageReference section */
		E8A62A172CD0163E0081A03E /* XCRemoteSwiftPackageReference "CollectionViewPagingLayout" */ = {
			isa = XCRemoteSwiftPackageReference;
			repositoryURL = "https://github.com/ewrika/CollectionViewPagingLayout";
			requirement = {
				branch = master;
				kind = branch;
			};
		};
		E8A888502CDCA50E0095BC18 /* XCRemoteSwiftPackageReference "SwiftLintPlugins" */ = {
			isa = XCRemoteSwiftPackageReference;
			repositoryURL = "https://github.com/SimplyDanny/SwiftLintPlugins";
			requirement = {
				kind = upToNextMajorVersion;
				minimumVersion = 0.57.0;
			};
		};
/* End XCRemoteSwiftPackageReference section */

/* Begin XCSwiftPackageProductDependency section */
		E8A62A182CD0163E0081A03E /* CollectionViewPagingLayout */ = {
			isa = XCSwiftPackageProductDependency;
			package = E8A62A172CD0163E0081A03E /* XCRemoteSwiftPackageReference "CollectionViewPagingLayout" */;
			productName = CollectionViewPagingLayout;
		};
		E8A888512CDCA7260095BC18 /* SwiftLintBuildToolPlugin */ = {
			isa = XCSwiftPackageProductDependency;
			package = E8A888502CDCA50E0095BC18 /* XCRemoteSwiftPackageReference "SwiftLintPlugins" */;
			productName = "plugin:SwiftLintBuildToolPlugin";
		};
/* End XCSwiftPackageProductDependency section */
	};
	rootObject = E8B76FEE2CC2B9B700B62000 /* Project object */;
}
